
Microsoft Visual Studio Solution File, Format Version 12.00
# Visual Studio 15
VisualStudioVersion = 15.0.26430.6
MinimumVisualStudioVersion = 10.0.40219.1
Project("{2150E333-8FDC-42A3-9474-1A3956D46DE8}") = "src", "src", "{20ABE21B-B130-4B53-8819-113C91308E29}"
EndProject
Project("{2150E333-8FDC-42A3-9474-1A3956D46DE8}") = "Services", "Services", "{DE6B9994-2EED-426A-AD42-5F5967A095A1}"
EndProject
Project("{FAE04EC0-301F-11D3-BF4B-00C04F79EFBC}") = "InventoryAPI", "src\Services\InventoryAPI\InventoryAPI.csproj", "{1EBD3067-A8B5-42D9-BDAD-A9373940054A}"
EndProject
Project("{E53339B2-1760-4266-BCC7-CA923CBCF16C}") = "docker-compose", "docker-compose.dcproj", "{6C767E92-8E80-4144-90E2-C256DABD500A}"
EndProject
Project("{FAE04EC0-301F-11D3-BF4B-00C04F79EFBC}") = "LocationAPI", "src\Services\LocationAPI\LocationAPI.csproj", "{646627C4-EEE7-43A5-BDA2-4F4EDCC79314}"
EndProject
Project("{FAE04EC0-301F-11D3-BF4B-00C04F79EFBC}") = "TransportAPI", "src\Services\TransportAPI\TransportAPI.csproj", "{82551E84-6445-4A16-8368-A443C20F93C7}"
EndProject
Project("{2150E333-8FDC-42A3-9474-1A3956D46DE8}") = "BuildingBlocks", "BuildingBlocks", "{B90C3D50-FEAE-4D58-B1FD-841A6BA8581B}"
EndProject
Project("{2150E333-8FDC-42A3-9474-1A3956D46DE8}") = "EventBus", "EventBus", "{C7CC67C6-BB68-409B-B7FB-5AC936E42A3B}"
EndProject
Project("{FAE04EC0-301F-11D3-BF4B-00C04F79EFBC}") = "EventBus", "src\BuildingBlocks\EventBus\EventBus.csproj", "{641FAF7B-A67C-48C9-84A3-59C5D5ED9FBF}"
EndProject
Project("{FAE04EC0-301F-11D3-BF4B-00C04F79EFBC}") = "IntegrationEventLogEF", "src\BuildingBlocks\IntegrationEventLogEF\IntegrationEventLogEF.csproj", "{A535C51A-779F-4DF3-94BB-1E2D6DE65454}"
EndProject
Project("{FAE04EC0-301F-11D3-BF4B-00C04F79EFBC}") = "EventBusRabbitMQ", "src\BuildingBlocks\EventBusRabbitMQ\EventBusRabbitMQ.csproj", "{0F454897-426F-4FE4-A940-84E29DF8DE73}"
EndProject
Project("{2150E333-8FDC-42A3-9474-1A3956D46DE8}") = "Solution Items", "Solution Items", "{3D24F6FE-1F39-4F6C-A984-E7A65EC34B20}"
	ProjectSection(SolutionItems) = preProject
		README.md = README.md
	EndProjectSection
EndProject
Project("{FAE04EC0-301F-11D3-BF4B-00C04F79EFBC}") = "Location.Domain", "src\Services\Location.Domain\Location.Domain.csproj", "{8A8AA32B-2A65-4FEB-847B-E0A10BA61A87}"
EndProject
Project("{FAE04EC0-301F-11D3-BF4B-00C04F79EFBC}") = "Location.Infrastructure", "src\Services\Location.Infrastructure\Location.Infrastructure.csproj", "{21F6C281-E156-446E-B03B-56D6EBD4F0E0}"
EndProject
Global
	GlobalSection(SolutionConfigurationPlatforms) = preSolution
		Debug|Any CPU = Debug|Any CPU
		Release|Any CPU = Release|Any CPU
	EndGlobalSection
	GlobalSection(ProjectConfigurationPlatforms) = postSolution
		{1EBD3067-A8B5-42D9-BDAD-A9373940054A}.Debug|Any CPU.ActiveCfg = Debug|Any CPU
		{1EBD3067-A8B5-42D9-BDAD-A9373940054A}.Debug|Any CPU.Build.0 = Debug|Any CPU
		{1EBD3067-A8B5-42D9-BDAD-A9373940054A}.Release|Any CPU.ActiveCfg = Release|Any CPU
		{1EBD3067-A8B5-42D9-BDAD-A9373940054A}.Release|Any CPU.Build.0 = Release|Any CPU
		{6C767E92-8E80-4144-90E2-C256DABD500A}.Debug|Any CPU.ActiveCfg = Debug|Any CPU
		{6C767E92-8E80-4144-90E2-C256DABD500A}.Debug|Any CPU.Build.0 = Debug|Any CPU
		{6C767E92-8E80-4144-90E2-C256DABD500A}.Release|Any CPU.ActiveCfg = Release|Any CPU
		{6C767E92-8E80-4144-90E2-C256DABD500A}.Release|Any CPU.Build.0 = Release|Any CPU
		{646627C4-EEE7-43A5-BDA2-4F4EDCC79314}.Debug|Any CPU.ActiveCfg = Debug|Any CPU
		{646627C4-EEE7-43A5-BDA2-4F4EDCC79314}.Debug|Any CPU.Build.0 = Debug|Any CPU
		{646627C4-EEE7-43A5-BDA2-4F4EDCC79314}.Release|Any CPU.ActiveCfg = Release|Any CPU
		{646627C4-EEE7-43A5-BDA2-4F4EDCC79314}.Release|Any CPU.Build.0 = Release|Any CPU
		{82551E84-6445-4A16-8368-A443C20F93C7}.Debug|Any CPU.ActiveCfg = Debug|Any CPU
		{82551E84-6445-4A16-8368-A443C20F93C7}.Debug|Any CPU.Build.0 = Debug|Any CPU
		{82551E84-6445-4A16-8368-A443C20F93C7}.Release|Any CPU.ActiveCfg = Release|Any CPU
		{82551E84-6445-4A16-8368-A443C20F93C7}.Release|Any CPU.Build.0 = Release|Any CPU
		{641FAF7B-A67C-48C9-84A3-59C5D5ED9FBF}.Debug|Any CPU.ActiveCfg = Debug|Any CPU
		{641FAF7B-A67C-48C9-84A3-59C5D5ED9FBF}.Debug|Any CPU.Build.0 = Debug|Any CPU
		{641FAF7B-A67C-48C9-84A3-59C5D5ED9FBF}.Release|Any CPU.ActiveCfg = Release|Any CPU
		{641FAF7B-A67C-48C9-84A3-59C5D5ED9FBF}.Release|Any CPU.Build.0 = Release|Any CPU
		{A535C51A-779F-4DF3-94BB-1E2D6DE65454}.Debug|Any CPU.ActiveCfg = Debug|Any CPU
		{A535C51A-779F-4DF3-94BB-1E2D6DE65454}.Debug|Any CPU.Build.0 = Debug|Any CPU
		{A535C51A-779F-4DF3-94BB-1E2D6DE65454}.Release|Any CPU.ActiveCfg = Release|Any CPU
		{A535C51A-779F-4DF3-94BB-1E2D6DE65454}.Release|Any CPU.Build.0 = Release|Any CPU
		{0F454897-426F-4FE4-A940-84E29DF8DE73}.Debug|Any CPU.ActiveCfg = Debug|Any CPU
		{0F454897-426F-4FE4-A940-84E29DF8DE73}.Debug|Any CPU.Build.0 = Debug|Any CPU
		{0F454897-426F-4FE4-A940-84E29DF8DE73}.Release|Any CPU.ActiveCfg = Release|Any CPU
		{0F454897-426F-4FE4-A940-84E29DF8DE73}.Release|Any CPU.Build.0 = Release|Any CPU
		{8A8AA32B-2A65-4FEB-847B-E0A10BA61A87}.Debug|Any CPU.ActiveCfg = Debug|Any CPU
		{8A8AA32B-2A65-4FEB-847B-E0A10BA61A87}.Debug|Any CPU.Build.0 = Debug|Any CPU
		{8A8AA32B-2A65-4FEB-847B-E0A10BA61A87}.Release|Any CPU.ActiveCfg = Release|Any CPU
		{8A8AA32B-2A65-4FEB-847B-E0A10BA61A87}.Release|Any CPU.Build.0 = Release|Any CPU
		{21F6C281-E156-446E-B03B-56D6EBD4F0E0}.Debug|Any CPU.ActiveCfg = Debug|Any CPU
		{21F6C281-E156-446E-B03B-56D6EBD4F0E0}.Debug|Any CPU.Build.0 = Debug|Any CPU
		{21F6C281-E156-446E-B03B-56D6EBD4F0E0}.Release|Any CPU.ActiveCfg = Release|Any CPU
		{21F6C281-E156-446E-B03B-56D6EBD4F0E0}.Release|Any CPU.Build.0 = Release|Any CPU
	EndGlobalSection
	GlobalSection(SolutionProperties) = preSolution
		HideSolutionNode = FALSE
	EndGlobalSection
	GlobalSection(NestedProjects) = preSolution
		{DE6B9994-2EED-426A-AD42-5F5967A095A1} = {20ABE21B-B130-4B53-8819-113C91308E29}
		{1EBD3067-A8B5-42D9-BDAD-A9373940054A} = {DE6B9994-2EED-426A-AD42-5F5967A095A1}
		{646627C4-EEE7-43A5-BDA2-4F4EDCC79314} = {DE6B9994-2EED-426A-AD42-5F5967A095A1}
		{82551E84-6445-4A16-8368-A443C20F93C7} = {DE6B9994-2EED-426A-AD42-5F5967A095A1}
		{B90C3D50-FEAE-4D58-B1FD-841A6BA8581B} = {20ABE21B-B130-4B53-8819-113C91308E29}
		{C7CC67C6-BB68-409B-B7FB-5AC936E42A3B} = {B90C3D50-FEAE-4D58-B1FD-841A6BA8581B}
		{641FAF7B-A67C-48C9-84A3-59C5D5ED9FBF} = {C7CC67C6-BB68-409B-B7FB-5AC936E42A3B}
		{A535C51A-779F-4DF3-94BB-1E2D6DE65454} = {C7CC67C6-BB68-409B-B7FB-5AC936E42A3B}
		{0F454897-426F-4FE4-A940-84E29DF8DE73} = {C7CC67C6-BB68-409B-B7FB-5AC936E42A3B}
		{8A8AA32B-2A65-4FEB-847B-E0A10BA61A87} = {DE6B9994-2EED-426A-AD42-5F5967A095A1}
		{21F6C281-E156-446E-B03B-56D6EBD4F0E0} = {DE6B9994-2EED-426A-AD42-5F5967A095A1}
	EndGlobalSection
EndGlobal
